{
  "name": "A-frame-study-sample",
  "lockfileVersion": 2,
  "requires": true,
  "packages": {
    "": {
      "devDependencies": {
        "gh-pages": "npm:null@*"
      }
    },
    "node_modules/gh-pages": {
      "dev": true
    }
  },
  "dependencies": {
    "gh-pages": {
      "dev": true
    }
  }
}
